
Microsoft Visual Studio Solution File, Format Version 12.00
# Visual Studio Version 17
VisualStudioVersion = 17.7.34003.232
MinimumVisualStudioVersion = 10.0.40219.1
Project("{9A19103F-16F7-4668-BE54-9A1E7A4F7556}") = "Sem_2_Lesson_4_", "Sem_2_Lesson_4_\Sem_2_Lesson_4_.csproj", "{1B7792FF-224F-48BD-BE8E-FCEB733BD1BB}"
EndProject
Global
	GlobalSection(SolutionConfigurationPlatforms) = preSolution
		Debug|Any CPU = Debug|Any CPU
		Release|Any CPU = Release|Any CPU
	EndGlobalSection
	GlobalSection(ProjectConfigurationPlatforms) = postSolution
		{1B7792FF-224F-48BD-BE8E-FCEB733BD1BB}.Debug|Any CPU.ActiveCfg = Debug|Any CPU
		{1B7792FF-224F-48BD-BE8E-FCEB733BD1BB}.Debug|Any CPU.Build.0 = Debug|Any CPU
		{1B7792FF-224F-48BD-BE8E-FCEB733BD1BB}.Release|Any CPU.ActiveCfg = Release|Any CPU
		{1B7792FF-224F-48BD-BE8E-FCEB733BD1BB}.Release|Any CPU.Build.0 = Release|Any CPU
	EndGlobalSection
	GlobalSection(SolutionProperties) = preSolution
		HideSolutionNode = FALSE
	EndGlobalSection
	GlobalSection(ExtensibilityGlobals) = postSolution
		SolutionGuid = {95998E9A-18D8-4036-8F48-DE49F8081EB2}
	EndGlobalSection
EndGlobal
